{
  "requires": true,
  "lockfileVersion": 1,
  "dependencies": {
    "remote-json": {
      "version": "4.1.3",
      "resolved": "https://registry.npmjs.org/remote-json/-/remote-json-4.1.3.tgz",
      "integrity": "sha512-qOB/B+Ib7YVmR05Cqs423wryREkRfDg0g76hLJeDPjvky6Cr228MKk1r47LtES7sZ93VNJ6Q+b2ij4dvX48Tgg=="
    }
  }
}
